# What this leaf currently carries, exactly.
#
# Never a range and never "latest": these are the commits the cut was made
# from, so the same inputs can be reproduced years from now.

recipe:
  name: practice-only
  version: 1.0.0
ichiryu:
  version: 0.6.0
  commit: 7badbe1c5c28692e347f2c64ef23b01275115d96
packs:
  kihon:
    version: 0.1.5
    commit: ba7fba8ef283c329ba157087ab34bea92baf288b
  kata:
    version: 0.4.0
    commit: 0fa7d6c52f879b69fa9265f505526a71088daefe
